
Microsoft Visual Studio Solution File, Format Version 12.00
# Visual Studio 15
VisualStudioVersion = 15.0.28307.902
MinimumVisualStudioVersion = 10.0.40219.1
Project("{FAE04EC0-301F-11D3-BF4B-00C04F79EFBC}") = "WebApi", "WebApi\WebApi.csproj", "{CF129BEA-4923-400E-9350-E4FB354EB7F9}"
EndProject
Global
	GlobalSection(SolutionConfigurationPlatforms) = preSolution
		Debug|Any CPU = Debug|Any CPU
		Release|Any CPU = Release|Any CPU
	EndGlobalSection
	GlobalSection(ProjectConfigurationPlatforms) = postSolution
		{CF129BEA-4923-400E-9350-E4FB354EB7F9}.Debug|Any CPU.ActiveCfg = Debug|Any CPU
		{CF129BEA-4923-400E-9350-E4FB354EB7F9}.Debug|Any CPU.Build.0 = Debug|Any CPU
		{CF129BEA-4923-400E-9350-E4FB354EB7F9}.Release|Any CPU.ActiveCfg = Release|Any CPU
		{CF129BEA-4923-400E-9350-E4FB354EB7F9}.Release|Any CPU.Build.0 = Release|Any CPU
	EndGlobalSection
	GlobalSection(SolutionProperties) = preSolution
		HideSolutionNode = FALSE
	EndGlobalSection
	GlobalSection(ExtensibilityGlobals) = postSolution
		SolutionGuid = {224A7C2C-B1B3-413C-8448-63BEA2DDE072}
	EndGlobalSection
EndGlobal
